
Microsoft Visual Studio Solution File, Format Version 12.00
# Visual Studio 14
VisualStudioVersion = 14.0.25420.1
MinimumVisualStudioVersion = 10.0.40219.1
Project("{2150E333-8FDC-42A3-9474-1A3956D46DE8}") = "Source", "Source", "{AF988CE7-34F3-49B7-86ED-1076F4CC926D}"
EndProject
Project("{2150E333-8FDC-42A3-9474-1A3956D46DE8}") = "Tests", "Tests", "{F77BC6AF-F906-4FD6-96EA-FB2C66481D4B}"
EndProject
Project("{FAE04EC0-301F-11D3-BF4B-00C04F79EFBC}") = "Org.Feeder.App", "Org.Feeder.App\Org.Feeder.App.csproj", "{296399E8-2F45-4740-983E-74FEB3E89FE8}"
EndProject
Project("{FAE04EC0-301F-11D3-BF4B-00C04F79EFBC}") = "Org.Feeder.Tests", "Org.Feeder.Tests\Org.Feeder.Tests.csproj", "{177F3BFD-A551-4551-B134-FE66068BBD9B}"
EndProject
Project("{2150E333-8FDC-42A3-9474-1A3956D46DE8}") = "Solution Items", "Solution Items", "{5798E8AD-BF2E-4E7D-A472-891D65B43DEB}"
	ProjectSection(SolutionItems) = preProject
		readme.html = readme.html
		ReadMe.md = ReadMe.md
	EndProjectSection
EndProject
Global
	GlobalSection(SolutionConfigurationPlatforms) = preSolution
		Debug|Any CPU = Debug|Any CPU
		Release|Any CPU = Release|Any CPU
	EndGlobalSection
	GlobalSection(ProjectConfigurationPlatforms) = postSolution
		{296399E8-2F45-4740-983E-74FEB3E89FE8}.Debug|Any CPU.ActiveCfg = Debug|Any CPU
		{296399E8-2F45-4740-983E-74FEB3E89FE8}.Debug|Any CPU.Build.0 = Debug|Any CPU
		{296399E8-2F45-4740-983E-74FEB3E89FE8}.Release|Any CPU.ActiveCfg = Release|Any CPU
		{296399E8-2F45-4740-983E-74FEB3E89FE8}.Release|Any CPU.Build.0 = Release|Any CPU
		{177F3BFD-A551-4551-B134-FE66068BBD9B}.Debug|Any CPU.ActiveCfg = Debug|Any CPU
		{177F3BFD-A551-4551-B134-FE66068BBD9B}.Debug|Any CPU.Build.0 = Debug|Any CPU
		{177F3BFD-A551-4551-B134-FE66068BBD9B}.Release|Any CPU.ActiveCfg = Release|Any CPU
		{177F3BFD-A551-4551-B134-FE66068BBD9B}.Release|Any CPU.Build.0 = Release|Any CPU
	EndGlobalSection
	GlobalSection(SolutionProperties) = preSolution
		HideSolutionNode = FALSE
	EndGlobalSection
	GlobalSection(NestedProjects) = preSolution
		{296399E8-2F45-4740-983E-74FEB3E89FE8} = {AF988CE7-34F3-49B7-86ED-1076F4CC926D}
		{177F3BFD-A551-4551-B134-FE66068BBD9B} = {F77BC6AF-F906-4FD6-96EA-FB2C66481D4B}
	EndGlobalSection
EndGlobal
